
Microsoft Visual Studio Solution File, Format Version 12.00
# Visual Studio Version 17
VisualStudioVersion = 17.4.33403.182
MinimumVisualStudioVersion = 10.0.40219.1
Project("{FAE04EC0-301F-11D3-BF4B-00C04F79EFBC}") = "ConsoleApp2", "ConsoleApp2\ConsoleApp2.csproj", "{0DB7E8E4-9BA9-40E8-96CF-44B6FA14CB06}"
EndProject
Global
	GlobalSection(SolutionConfigurationPlatforms) = preSolution
		Debug|Any CPU = Debug|Any CPU
		Release|Any CPU = Release|Any CPU
	EndGlobalSection
	GlobalSection(ProjectConfigurationPlatforms) = postSolution
		{0DB7E8E4-9BA9-40E8-96CF-44B6FA14CB06}.Debug|Any CPU.ActiveCfg = Debug|Any CPU
		{0DB7E8E4-9BA9-40E8-96CF-44B6FA14CB06}.Debug|Any CPU.Build.0 = Debug|Any CPU
		{0DB7E8E4-9BA9-40E8-96CF-44B6FA14CB06}.Release|Any CPU.ActiveCfg = Release|Any CPU
		{0DB7E8E4-9BA9-40E8-96CF-44B6FA14CB06}.Release|Any CPU.Build.0 = Release|Any CPU
	EndGlobalSection
	GlobalSection(SolutionProperties) = preSolution
		HideSolutionNode = FALSE
	EndGlobalSection
	GlobalSection(ExtensibilityGlobals) = postSolution
		SolutionGuid = {68F9A7A1-1C1A-47CD-84CB-D9F25D373181}
	EndGlobalSection
EndGlobal
