
Microsoft Visual Studio Solution File, Format Version 12.00
# Visual Studio Version 17
VisualStudioVersion = 17.4.33403.182
MinimumVisualStudioVersion = 10.0.40219.1
Project("{FAE04EC0-301F-11D3-BF4B-00C04F79EFBC}") = "DZ_4_second", "DZ_4_second\DZ_4_second.csproj", "{8F10ECE2-3073-46A0-8F1F-BEFB2866526C}"
EndProject
Global
	GlobalSection(SolutionConfigurationPlatforms) = preSolution
		Debug|Any CPU = Debug|Any CPU
		Release|Any CPU = Release|Any CPU
	EndGlobalSection
	GlobalSection(ProjectConfigurationPlatforms) = postSolution
		{8F10ECE2-3073-46A0-8F1F-BEFB2866526C}.Debug|Any CPU.ActiveCfg = Debug|Any CPU
		{8F10ECE2-3073-46A0-8F1F-BEFB2866526C}.Debug|Any CPU.Build.0 = Debug|Any CPU
		{8F10ECE2-3073-46A0-8F1F-BEFB2866526C}.Release|Any CPU.ActiveCfg = Release|Any CPU
		{8F10ECE2-3073-46A0-8F1F-BEFB2866526C}.Release|Any CPU.Build.0 = Release|Any CPU
	EndGlobalSection
	GlobalSection(SolutionProperties) = preSolution
		HideSolutionNode = FALSE
	EndGlobalSection
	GlobalSection(ExtensibilityGlobals) = postSolution
		SolutionGuid = {0F4200D0-BB1A-4399-B591-9AE800AA97AB}
	EndGlobalSection
EndGlobal
